
Microsoft Visual Studio Solution File, Format Version 12.00
# Visual Studio Version 16
VisualStudioVersion = 16.0.32002.261
MinimumVisualStudioVersion = 10.0.40219.1
Project("{FAE04EC0-301F-11D3-BF4B-00C04F79EFBC}") = "FlightManagement", "FlightManagement\FlightManagement.csproj", "{93C75878-98CC-4408-86AC-5665867E3DAE}"
EndProject
Global
	GlobalSection(SolutionConfigurationPlatforms) = preSolution
		Debug|Any CPU = Debug|Any CPU
		Release|Any CPU = Release|Any CPU
	EndGlobalSection
	GlobalSection(ProjectConfigurationPlatforms) = postSolution
		{93C75878-98CC-4408-86AC-5665867E3DAE}.Debug|Any CPU.ActiveCfg = Debug|Any CPU
		{93C75878-98CC-4408-86AC-5665867E3DAE}.Debug|Any CPU.Build.0 = Debug|Any CPU
		{93C75878-98CC-4408-86AC-5665867E3DAE}.Release|Any CPU.ActiveCfg = Release|Any CPU
		{93C75878-98CC-4408-86AC-5665867E3DAE}.Release|Any CPU.Build.0 = Release|Any CPU
	EndGlobalSection
	GlobalSection(SolutionProperties) = preSolution
		HideSolutionNode = FALSE
	EndGlobalSection
	GlobalSection(ExtensibilityGlobals) = postSolution
		SolutionGuid = {22E3E513-7319-4C93-B0D6-FAF6F7EF35FA}
	EndGlobalSection
EndGlobal
